
Microsoft Visual Studio Solution File, Format Version 12.00
# Visual Studio Version 17
VisualStudioVersion = 17.7.34018.315
MinimumVisualStudioVersion = 10.0.40219.1
Project("{9A19103F-16F7-4668-BE54-9A1E7A4F7556}") = "WinAppCommunity.Discord.ServerCompanion", "src\WinAppCommunity.Discord.ServerCompanion.csproj", "{85469CD7-CE61-4B16-833F-CF5CAE2E6852}"
EndProject
Project("{9A19103F-16F7-4668-BE54-9A1E7A4F7556}") = "WinAppCommunity.Sdk", "WinAppCommunity.Sdk\src\WinAppCommunity.Sdk.csproj", "{600964B5-29CF-4B18-A847-1333E28748ED}"
EndProject
Global
	GlobalSection(SolutionConfigurationPlatforms) = preSolution
		Debug|Any CPU = Debug|Any CPU
		Release|Any CPU = Release|Any CPU
	EndGlobalSection
	GlobalSection(ProjectConfigurationPlatforms) = postSolution
		{85469CD7-CE61-4B16-833F-CF5CAE2E6852}.Debug|Any CPU.ActiveCfg = Debug|Any CPU
		{85469CD7-CE61-4B16-833F-CF5CAE2E6852}.Debug|Any CPU.Build.0 = Debug|Any CPU
		{85469CD7-CE61-4B16-833F-CF5CAE2E6852}.Release|Any CPU.ActiveCfg = Release|Any CPU
		{85469CD7-CE61-4B16-833F-CF5CAE2E6852}.Release|Any CPU.Build.0 = Release|Any CPU
		{600964B5-29CF-4B18-A847-1333E28748ED}.Debug|Any CPU.ActiveCfg = Debug|Any CPU
		{600964B5-29CF-4B18-A847-1333E28748ED}.Debug|Any CPU.Build.0 = Debug|Any CPU
		{600964B5-29CF-4B18-A847-1333E28748ED}.Release|Any CPU.ActiveCfg = Release|Any CPU
		{600964B5-29CF-4B18-A847-1333E28748ED}.Release|Any CPU.Build.0 = Release|Any CPU
	EndGlobalSection
	GlobalSection(SolutionProperties) = preSolution
		HideSolutionNode = FALSE
	EndGlobalSection
	GlobalSection(ExtensibilityGlobals) = postSolution
		SolutionGuid = {008282CF-A331-43D2-8462-767ADB09CFAD}
	EndGlobalSection
EndGlobal
